
Microsoft Visual Studio Solution File, Format Version 12.00
# Visual Studio Version 17
VisualStudioVersion = 17.10.35027.167
MinimumVisualStudioVersion = 10.0.40219.1
Project("{FAE04EC0-301F-11D3-BF4B-00C04F79EFBC}") = "Ispit.Proizvodi", "Ispit.Proizvodi.csproj", "{43BA8EC4-5611-4CEC-AEDB-146951625AAE}"
EndProject
Global
	GlobalSection(SolutionConfigurationPlatforms) = preSolution
		Debug|Any CPU = Debug|Any CPU
		Release|Any CPU = Release|Any CPU
	EndGlobalSection
	GlobalSection(ProjectConfigurationPlatforms) = postSolution
		{43BA8EC4-5611-4CEC-AEDB-146951625AAE}.Debug|Any CPU.ActiveCfg = Debug|Any CPU
		{43BA8EC4-5611-4CEC-AEDB-146951625AAE}.Debug|Any CPU.Build.0 = Debug|Any CPU
		{43BA8EC4-5611-4CEC-AEDB-146951625AAE}.Release|Any CPU.ActiveCfg = Release|Any CPU
		{43BA8EC4-5611-4CEC-AEDB-146951625AAE}.Release|Any CPU.Build.0 = Release|Any CPU
	EndGlobalSection
	GlobalSection(SolutionProperties) = preSolution
		HideSolutionNode = FALSE
	EndGlobalSection
	GlobalSection(ExtensibilityGlobals) = postSolution
		SolutionGuid = {14C97367-6339-438C-9812-10B0D2C830F5}
	EndGlobalSection
EndGlobal
